{
  "markbot": "de634ee18bf8fa7b8db7fb6f1007c3966645ad6171f39f145d1491b631629576",
  "markbotignore": "030a4e6e1b3b6b510514a7ae54576e2c2ef762d56236c6414ef634955d96a126",
  "index-650.png": "f24b323c8c2bc7c8bf7bcc4d74183811e56842cb0cc30a108994df5b25ca59eb",
  "index-1400.png": "0d3c4adb6d93027dfd6a7e79e469d3df80b2efc8f0f1708c190895a0c414718c"
}